
Microsoft Visual Studio Solution File, Format Version 12.00
# Visual Studio Version 16
VisualStudioVersion = 16.0.30907.101
MinimumVisualStudioVersion = 10.0.40219.1
Project("{9A19103F-16F7-4668-BE54-9A1E7A4F7556}") = "DesktopApplicationLauncher.Wpf", "DesktopApplicationLauncher.Wpf\DesktopApplicationLauncher.Wpf.csproj", "{9116C9C0-302E-424D-9BD6-00378CACEB7D}"
EndProject
Project("{2150E333-8FDC-42A3-9474-1A3956D46DE8}") = "Tests", "Tests", "{94347B1D-9A02-40EC-AF71-2826B15305F9}"
EndProject
Project("{FAE04EC0-301F-11D3-BF4B-00C04F79EFBC}") = "DesktopApplicationLauncher.Wpf.Tests", "..\test\DesktopApplicationLauncher.Wpf.Tests\DesktopApplicationLauncher.Wpf.Tests.csproj", "{20B98A43-458F-4341-A89C-15DF62AA2BA2}"
EndProject
Global
	GlobalSection(SolutionConfigurationPlatforms) = preSolution
		Debug|Any CPU = Debug|Any CPU
		Release|Any CPU = Release|Any CPU
	EndGlobalSection
	GlobalSection(ProjectConfigurationPlatforms) = postSolution
		{9116C9C0-302E-424D-9BD6-00378CACEB7D}.Debug|Any CPU.ActiveCfg = Debug|Any CPU
		{9116C9C0-302E-424D-9BD6-00378CACEB7D}.Debug|Any CPU.Build.0 = Debug|Any CPU
		{9116C9C0-302E-424D-9BD6-00378CACEB7D}.Release|Any CPU.ActiveCfg = Release|Any CPU
		{9116C9C0-302E-424D-9BD6-00378CACEB7D}.Release|Any CPU.Build.0 = Release|Any CPU
		{20B98A43-458F-4341-A89C-15DF62AA2BA2}.Debug|Any CPU.ActiveCfg = Debug|Any CPU
		{20B98A43-458F-4341-A89C-15DF62AA2BA2}.Debug|Any CPU.Build.0 = Debug|Any CPU
		{20B98A43-458F-4341-A89C-15DF62AA2BA2}.Release|Any CPU.ActiveCfg = Release|Any CPU
		{20B98A43-458F-4341-A89C-15DF62AA2BA2}.Release|Any CPU.Build.0 = Release|Any CPU
	EndGlobalSection
	GlobalSection(SolutionProperties) = preSolution
		HideSolutionNode = FALSE
	EndGlobalSection
	GlobalSection(NestedProjects) = preSolution
		{20B98A43-458F-4341-A89C-15DF62AA2BA2} = {94347B1D-9A02-40EC-AF71-2826B15305F9}
	EndGlobalSection
	GlobalSection(ExtensibilityGlobals) = postSolution
		SolutionGuid = {EFE8DCE6-F292-4A4F-A0F7-F0E80DD49DDB}
	EndGlobalSection
EndGlobal
